// !$*UTF8*$!
{
	archiveVersion = 1;
	classes = {
	};
	objectVersion = 46;
	objects = {

/* Begin PBXBuildFile section */
		D04199BC1FFEC29400CFCDE3 /* Utils.swift in Sources */ = {isa = PBXBuildFile; fileRef = D04199BB1FFEC29400CFCDE3 /* Utils.swift */; };
		D09519161FFC2AB8006E8F9A /* Base.lproj in Resources */ = {isa = PBXBuildFile; fileRef = D09519131FFC2AB7006E8F9A /* Base.lproj */; };
		D09519181FFC2AB8006E8F9A /* Assets.xcassets in Resources */ = {isa = PBXBuildFile; fileRef = D09519151FFC2AB8006E8F9A /* Assets.xcassets */; };
		D095191C1FFC2AE0006E8F9A /* Empty.storyboard in Resources */ = {isa = PBXBuildFile; fileRef = D09519191FFC2AE0006E8F9A /* Empty.storyboard */; };
		D095191D1FFC2AE0006E8F9A /* NewClass.swift in Sources */ = {isa = PBXBuildFile; fileRef = D095191A1FFC2AE0006E8F9A /* NewClass.swift */; };
		D095191E1FFC2AE0006E8F9A /* Stdcomments.swift in Sources */ = {isa = PBXBuildFile; fileRef = D095191B1FFC2AE0006E8F9A /* Stdcomments.swift */; };
		D09519211FFC2B0E006E8F9A /* ViewController.swift in Sources */ = {isa = PBXBuildFile; fileRef = D095191F1FFC2B0E006E8F9A /* ViewController.swift */; };
		D09519221FFC2B0E006E8F9A /* AppDelegate.swift in Sources */ = {isa = PBXBuildFile; fileRef = D09519201FFC2B0E006E8F9A /* AppDelegate.swift */; };
		D0D69D7520158157004F0E18 /* PickerHandler.swift in Sources */ = {isa = PBXBuildFile; fileRef = D0D69D7420158157004F0E18 /* PickerHandler.swift */; };
		D0D69D76201581B7004F0E18 /* CustomPickerView.swift in Sources */ = {isa = PBXBuildFile; fileRef = D0D69D732015813C004F0E18 /* CustomPickerView.swift */; };
/* End PBXBuildFile section */

/* Begin PBXFileReference section */
		D039B4B61BF4D7950024005F /* 0_0 - UIPickerView.app */ = {isa = PBXFileReference; explicitFileType = wrapper.application; includeInIndex = 0; path = "0_0 - UIPickerView.app"; sourceTree = BUILT_PRODUCTS_DIR; };
		D04199BB1FFEC29400CFCDE3 /* Utils.swift */ = {isa = PBXFileReference; fileEncoding = 4; lastKnownFileType = sourcecode.swift; name = Utils.swift; path = "../../../../../Ref/Libraries/Programmatic UI/Utils.swift"; sourceTree = "<group>"; };
		D09519131FFC2AB7006E8F9A /* Base.lproj */ = {isa = PBXFileReference; lastKnownFileType = folder; path = Base.lproj; sourceTree = "<group>"; };
		D09519141FFC2AB7006E8F9A /* Info.plist */ = {isa = PBXFileReference; fileEncoding = 4; lastKnownFileType = text.plist.xml; path = Info.plist; sourceTree = "<group>"; };
		D09519151FFC2AB8006E8F9A /* Assets.xcassets */ = {isa = PBXFileReference; lastKnownFileType = folder.assetcatalog; path = Assets.xcassets; sourceTree = "<group>"; };
		D09519191FFC2AE0006E8F9A /* Empty.storyboard */ = {isa = PBXFileReference; fileEncoding = 4; lastKnownFileType = file.storyboard; name = Empty.storyboard; path = ../../../../../Ref/iOS/Base/Empty.storyboard; sourceTree = "<group>"; };
		D095191A1FFC2AE0006E8F9A /* NewClass.swift */ = {isa = PBXFileReference; fileEncoding = 4; lastKnownFileType = sourcecode.swift; name = NewClass.swift; path = ../../../../../Ref/iOS/Base/NewClass.swift; sourceTree = "<group>"; };
		D095191B1FFC2AE0006E8F9A /* Stdcomments.swift */ = {isa = PBXFileReference; fileEncoding = 4; lastKnownFileType = sourcecode.swift; name = Stdcomments.swift; path = ../../../../../Ref/iOS/Base/Stdcomments.swift; sourceTree = "<group>"; };
		D095191F1FFC2B0E006E8F9A /* ViewController.swift */ = {isa = PBXFileReference; fileEncoding = 4; lastKnownFileType = sourcecode.swift; name = ViewController.swift; path = ../ViewController.swift; sourceTree = "<group>"; };
		D09519201FFC2B0E006E8F9A /* AppDelegate.swift */ = {isa = PBXFileReference; fileEncoding = 4; lastKnownFileType = sourcecode.swift; name = AppDelegate.swift; path = ../AppDelegate.swift; sourceTree = "<group>"; };
		D0D69D732015813C004F0E18 /* CustomPickerView.swift */ = {isa = PBXFileReference; lastKnownFileType = sourcecode.swift; path = CustomPickerView.swift; sourceTree = "<group>"; };
		D0D69D7420158157004F0E18 /* PickerHandler.swift */ = {isa = PBXFileReference; fileEncoding = 4; lastKnownFileType = sourcecode.swift; name = PickerHandler.swift; path = ../PickerHandler.swift; sourceTree = "<group>"; };
/* End PBXFileReference section */

/* Begin PBXFrameworksBuildPhase section */
		D039B4B31BF4D7950024005F /* Frameworks */ = {
			isa = PBXFrameworksBuildPhase;
			buildActionMask = 2147483647;
			files = (
			);
			runOnlyForDeploymentPostprocessing = 0;
		};
/* End PBXFrameworksBuildPhase section */

/* Begin PBXGroup section */
		D039B4AD1BF4D7950024005F = {
			isa = PBXGroup;
			children = (
				D09519121FFC2AAB006E8F9A /* Base */,
				D0D69D7220158127004F0E18 /* Lib */,
				D0D69D7420158157004F0E18 /* PickerHandler.swift */,
				D09519201FFC2B0E006E8F9A /* AppDelegate.swift */,
				D095191F1FFC2B0E006E8F9A /* ViewController.swift */,
			);
			sourceTree = "<group>";
		};
		D039B4B71BF4D7950024005F /* Products */ = {
			isa = PBXGroup;
			children = (
				D039B4B61BF4D7950024005F /* 0_0 - UIPickerView.app */,
			);
			name = Products;
			sourceTree = "<group>";
		};
		D09519121FFC2AAB006E8F9A /* Base */ = {
			isa = PBXGroup;
			children = (
				D09519131FFC2AB7006E8F9A /* Base.lproj */,
				D09519151FFC2AB8006E8F9A /* Assets.xcassets */,
				D09519141FFC2AB7006E8F9A /* Info.plist */,
				D095191A1FFC2AE0006E8F9A /* NewClass.swift */,
				D095191B1FFC2AE0006E8F9A /* Stdcomments.swift */,
				D04199BB1FFEC29400CFCDE3 /* Utils.swift */,
				D09519191FFC2AE0006E8F9A /* Empty.storyboard */,
				D039B4B71BF4D7950024005F /* Products */,
			);
			name = Base;
			sourceTree = "<group>";
		};
		D0D69D7220158127004F0E18 /* Lib */ = {
			isa = PBXGroup;
			children = (
				D0D69D732015813C004F0E18 /* CustomPickerView.swift */,
			);
			name = Lib;
			sourceTree = "<group>";
		};
/* End PBXGroup section */

/* Begin PBXNativeTarget section */
		D039B4B51BF4D7950024005F /* 0_0 - UIPickerView */ = {
			isa = PBXNativeTarget;
			buildConfigurationList = D039B4C81BF4D7950024005F /* Build configuration list for PBXNativeTarget "0_0 - UIPickerView" */;
			buildPhases = (
				D039B4B21BF4D7950024005F /* Sources */,
				D039B4B31BF4D7950024005F /* Frameworks */,
				D039B4B41BF4D7950024005F /* Resources */,
			);
			buildRules = (
			);
			dependencies = (
			);
			name = "0_0 - UIPickerView";
			productName = "0_0 - UIDatePicker";
			productReference = D039B4B61BF4D7950024005F /* 0_0 - UIPickerView.app */;
			productType = "com.apple.product-type.application";
		};
/* End PBXNativeTarget section */

/* Begin PBXProject section */
		D039B4AE1BF4D7950024005F /* Project object */ = {
			isa = PBXProject;
			attributes = {
				LastSwiftUpdateCheck = 0710;
				LastUpgradeCheck = 0910;
				ORGANIZATIONNAME = Jaostech;
				TargetAttributes = {
					D039B4B51BF4D7950024005F = {
						CreatedOnToolsVersion = 7.1;
						DevelopmentTeam = HRCQBX7PVQ;
						LastSwiftMigration = 0920;
					};
				};
			};
			buildConfigurationList = D039B4B11BF4D7950024005F /* Build configuration list for PBXProject "0_0 - UIPickerView" */;
			compatibilityVersion = "Xcode 3.2";
			developmentRegion = English;
			hasScannedForEncodings = 0;
			knownRegions = (
				en,
				Base,
			);
			mainGroup = D039B4AD1BF4D7950024005F;
			productRefGroup = D039B4B71BF4D7950024005F /* Products */;
			projectDirPath = "";
			projectRoot = "";
			targets = (
				D039B4B51BF4D7950024005F /* 0_0 - UIPickerView */,
			);
		};
/* End PBXProject section */

/* Begin PBXResourcesBuildPhase section */
		D039B4B41BF4D7950024005F /* Resources */ = {
			isa = PBXResourcesBuildPhase;
			buildActionMask = 2147483647;
			files = (
				D09519181FFC2AB8006E8F9A /* Assets.xcassets in Resources */,
				D095191C1FFC2AE0006E8F9A /* Empty.storyboard in Resources */,
				D09519161FFC2AB8006E8F9A /* Base.lproj in Resources */,
			);
			runOnlyForDeploymentPostprocessing = 0;
		};
/* End PBXResourcesBuildPhase section */

/* Begin PBXSourcesBuildPhase section */
		D039B4B21BF4D7950024005F /* Sources */ = {
			isa = PBXSourcesBuildPhase;
			buildActionMask = 2147483647;
			files = (
				D09519221FFC2B0E006E8F9A /* AppDelegate.swift in Sources */,
				D09519211FFC2B0E006E8F9A /* ViewController.swift in Sources */,
				D0D69D7520158157004F0E18 /* PickerHandler.swift in Sources */,
				D095191D1FFC2AE0006E8F9A /* NewClass.swift in Sources */,
				D095191E1FFC2AE0006E8F9A /* Stdcomments.swift in Sources */,
				D0D69D76201581B7004F0E18 /* CustomPickerView.swift in Sources */,
				D04199BC1FFEC29400CFCDE3 /* Utils.swift in Sources */,
			);
			runOnlyForDeploymentPostprocessing = 0;
		};
/* End PBXSourcesBuildPhase section */

/* Begin XCBuildConfiguration section */
		D039B4C61BF4D7950024005F /* Debug */ = {
			isa = XCBuildConfiguration;
			buildSettings = {
				ALWAYS_SEARCH_USER_PATHS = NO;
				CLANG_CXX_LANGUAGE_STANDARD = "gnu++0x";
				CLANG_CXX_LIBRARY = "libc++";
				CLANG_ENABLE_MODULES = YES;
				CLANG_ENABLE_OBJC_ARC = YES;
				CLANG_WARN_BLOCK_CAPTURE_AUTORELEASING = YES;
				CLANG_WARN_BOOL_CONVERSION = YES;
				CLANG_WARN_COMMA = YES;
				CLANG_WARN_CONSTANT_CONVERSION = YES;
				CLANG_WARN_DIRECT_OBJC_ISA_USAGE = YES_ERROR;
				CLANG_WARN_EMPTY_BODY = YES;
				CLANG_WARN_ENUM_CONVERSION = YES;
				CLANG_WARN_INFINITE_RECURSION = YES;
				CLANG_WARN_INT_CONVERSION = YES;
				CLANG_WARN_NON_LITERAL_NULL_CONVERSION = YES;
				CLANG_WARN_OBJC_LITERAL_CONVERSION = YES;
				CLANG_WARN_OBJC_ROOT_CLASS = YES_ERROR;
				CLANG_WARN_RANGE_LOOP_ANALYSIS = YES;
				CLANG_WARN_STRICT_PROTOTYPES = YES;
				CLANG_WARN_SUSPICIOUS_MOVE = YES;
				CLANG_WARN_UNREACHABLE_CODE = YES;
				CLANG_WARN__DUPLICATE_METHOD_MATCH = YES;
				"CODE_SIGN_IDENTITY[sdk=iphoneos*]" = "iPhone Developer";
				COPY_PHASE_STRIP = NO;
				DEBUG_INFORMATION_FORMAT = dwarf;
				ENABLE_STRICT_OBJC_MSGSEND = YES;
				ENABLE_TESTABILITY = YES;
				GCC_C_LANGUAGE_STANDARD = gnu99;
				GCC_DYNAMIC_NO_PIC = NO;
				GCC_NO_COMMON_BLOCKS = YES;
				GCC_OPTIMIZATION_LEVEL = 0;
				GCC_PREPROCESSOR_DEFINITIONS = (
					"DEBUG=1",
					"$(inherited)",
				);
				GCC_WARN_64_TO_32_BIT_CONVERSION = YES;
				GCC_WARN_ABOUT_RETURN_TYPE = YES_ERROR;
				GCC_WARN_UNDECLARED_SELECTOR = YES;
				GCC_WARN_UNINITIALIZED_AUTOS = YES_AGGRESSIVE;
				GCC_WARN_UNUSED_FUNCTION = YES;
				GCC_WARN_UNUSED_VARIABLE = YES;
				IPHONEOS_DEPLOYMENT_TARGET = 9.1;
				MTL_ENABLE_DEBUG_INFO = YES;
				ONLY_ACTIVE_ARCH = YES;
				SDKROOT = iphoneos;
				SWIFT_OPTIMIZATION_LEVEL = "-Onone";
			};
			name = Debug;
		};
		D039B4C71BF4D7950024005F /* Release */ = {
			isa = XCBuildConfiguration;
			buildSettings = {
				ALWAYS_SEARCH_USER_PATHS = NO;
				CLANG_CXX_LANGUAGE_STANDARD = "gnu++0x";
				CLANG_CXX_LIBRARY = "libc++";
				CLANG_ENABLE_MODULES = YES;
				CLANG_ENABLE_OBJC_ARC = YES;
				CLANG_WARN_BLOCK_CAPTURE_AUTORELEASING = YES;
				CLANG_WARN_BOOL_CONVERSION = YES;
				CLANG_WARN_COMMA = YES;
				CLANG_WARN_CONSTANT_CONVERSION = YES;
				CLANG_WARN_DIRECT_OBJC_ISA_USAGE = YES_ERROR;
				CLANG_WARN_EMPTY_BODY = YES;
				CLANG_WARN_ENUM_CONVERSION = YES;
				CLANG_WARN_INFINITE_RECURSION = YES;
				CLANG_WARN_INT_CONVERSION = YES;
				CLANG_WARN_NON_LITERAL_NULL_CONVERSION = YES;
				CLANG_WARN_OBJC_LITERAL_CONVERSION = YES;
				CLANG_WARN_OBJC_ROOT_CLASS = YES_ERROR;
				CLANG_WARN_RANGE_LOOP_ANALYSIS = YES;
				CLANG_WARN_STRICT_PROTOTYPES = YES;
				CLANG_WARN_SUSPICIOUS_MOVE = YES;
				CLANG_WARN_UNREACHABLE_CODE = YES;
				CLANG_WARN__DUPLICATE_METHOD_MATCH = YES;
				"CODE_SIGN_IDENTITY[sdk=iphoneos*]" = "iPhone Developer";
				COPY_PHASE_STRIP = NO;
				DEBUG_INFORMATION_FORMAT = "dwarf-with-dsym";
				ENABLE_NS_ASSERTIONS = NO;
				ENABLE_STRICT_OBJC_MSGSEND = YES;
				GCC_C_LANGUAGE_STANDARD = gnu99;
				GCC_NO_COMMON_BLOCKS = YES;
				GCC_WARN_64_TO_32_BIT_CONVERSION = YES;
				GCC_WARN_ABOUT_RETURN_TYPE = YES_ERROR;
				GCC_WARN_UNDECLARED_SELECTOR = YES;
				GCC_WARN_UNINITIALIZED_AUTOS = YES_AGGRESSIVE;
				GCC_WARN_UNUSED_FUNCTION = YES;
				GCC_WARN_UNUSED_VARIABLE = YES;
				IPHONEOS_DEPLOYMENT_TARGET = 9.1;
				MTL_ENABLE_DEBUG_INFO = NO;
				SDKROOT = iphoneos;
				SWIFT_OPTIMIZATION_LEVEL = "-Owholemodule";
				VALIDATE_PRODUCT = YES;
			};
			name = Release;
		};
		D039B4C91BF4D7950024005F /* Debug */ = {
			isa = XCBuildConfiguration;
			buildSettings = {
				ASSETCATALOG_COMPILER_APPICON_NAME = AppIcon;
				CLANG_ENABLE_MODULES = YES;
				DEVELOPMENT_TEAM = HRCQBX7PVQ;
				INFOPLIST_FILE = "$(SRCROOT)/Info.plist";
				IPHONEOS_DEPLOYMENT_TARGET = 11.2;
				LD_RUNPATH_SEARCH_PATHS = "$(inherited) @executable_path/Frameworks";
				PRODUCT_BUNDLE_IDENTIFIER = "com.jaostech.--0---UIPickerView";
				PRODUCT_NAME = "$(TARGET_NAME)";
				SWIFT_OPTIMIZATION_LEVEL = "-Onone";
				SWIFT_VERSION = 4.0;
			};
			name = Debug;
		};
		D039B4CA1BF4D7950024005F /* Release */ = {
			isa = XCBuildConfiguration;
			buildSettings = {
				ASSETCATALOG_COMPILER_APPICON_NAME = AppIcon;
				CLANG_ENABLE_MODULES = YES;
				DEVELOPMENT_TEAM = HRCQBX7PVQ;
				INFOPLIST_FILE = "$(SRCROOT)/Info.plist";
				IPHONEOS_DEPLOYMENT_TARGET = 11.2;
				LD_RUNPATH_SEARCH_PATHS = "$(inherited) @executable_path/Frameworks";
				PRODUCT_BUNDLE_IDENTIFIER = "com.jaostech.--0---UIPickerView";
				PRODUCT_NAME = "$(TARGET_NAME)";
				SWIFT_VERSION = 4.0;
			};
			name = Release;
		};
/* End XCBuildConfiguration section */

/* Begin XCConfigurationList section */
		D039B4B11BF4D7950024005F /* Build configuration list for PBXProject "0_0 - UIPickerView" */ = {
			isa = XCConfigurationList;
			buildConfigurations = (
				D039B4C61BF4D7950024005F /* Debug */,
				D039B4C71BF4D7950024005F /* Release */,
			);
			defaultConfigurationIsVisible = 0;
			defaultConfigurationName = Release;
		};
		D039B4C81BF4D7950024005F /* Build configuration list for PBXNativeTarget "0_0 - UIPickerView" */ = {
			isa = XCConfigurationList;
			buildConfigurations = (
				D039B4C91BF4D7950024005F /* Debug */,
				D039B4CA1BF4D7950024005F /* Release */,
			);
			defaultConfigurationIsVisible = 0;
			defaultConfigurationName = Release;
		};
/* End XCConfigurationList section */
	};
	rootObject = D039B4AE1BF4D7950024005F /* Project object */;
}
